
Microsoft Visual Studio Solution File, Format Version 12.00
# Visual Studio Version 16
VisualStudioVersion = 16.0.30517.126
MinimumVisualStudioVersion = 10.0.40219.1
Project("{FAE04EC0-301F-11D3-BF4B-00C04F79EFBC}") = "StreamDeckControl.API", "StreamDeckControl.API\StreamDeckControl.API.csproj", "{ABACDF17-2CDB-4342-9A5B-DF10575FBA2F}"
EndProject
Global
	GlobalSection(SolutionConfigurationPlatforms) = preSolution
		Debug|Any CPU = Debug|Any CPU
		Release|Any CPU = Release|Any CPU
	EndGlobalSection
	GlobalSection(ProjectConfigurationPlatforms) = postSolution
		{ABACDF17-2CDB-4342-9A5B-DF10575FBA2F}.Debug|Any CPU.ActiveCfg = Debug|Any CPU
		{ABACDF17-2CDB-4342-9A5B-DF10575FBA2F}.Debug|Any CPU.Build.0 = Debug|Any CPU
		{ABACDF17-2CDB-4342-9A5B-DF10575FBA2F}.Release|Any CPU.ActiveCfg = Release|Any CPU
		{ABACDF17-2CDB-4342-9A5B-DF10575FBA2F}.Release|Any CPU.Build.0 = Release|Any CPU
	EndGlobalSection
	GlobalSection(SolutionProperties) = preSolution
		HideSolutionNode = FALSE
	EndGlobalSection
	GlobalSection(ExtensibilityGlobals) = postSolution
		SolutionGuid = {E75D5C56-4152-4DFB-A874-CBF001CE2ECD}
	EndGlobalSection
EndGlobal
